
Microsoft Visual Studio Solution File, Format Version 12.00
Project("{FAE04EC0-301F-11D3-BF4B-00C04F79EFBC}") = "CODBot", "CODBot\CODBot.csproj", "{CCDCB0A2-69A4-4ADB-B8DD-BC83B88EEC55}"
EndProject
Global
	GlobalSection(SolutionConfigurationPlatforms) = preSolution
		Debug|Any CPU = Debug|Any CPU
		Release|Any CPU = Release|Any CPU
	EndGlobalSection
	GlobalSection(ProjectConfigurationPlatforms) = postSolution
		{CCDCB0A2-69A4-4ADB-B8DD-BC83B88EEC55}.Debug|Any CPU.ActiveCfg = Debug|Any CPU
		{CCDCB0A2-69A4-4ADB-B8DD-BC83B88EEC55}.Debug|Any CPU.Build.0 = Debug|Any CPU
		{CCDCB0A2-69A4-4ADB-B8DD-BC83B88EEC55}.Release|Any CPU.ActiveCfg = Release|Any CPU
		{CCDCB0A2-69A4-4ADB-B8DD-BC83B88EEC55}.Release|Any CPU.Build.0 = Release|Any CPU
	EndGlobalSection
EndGlobal
